
Microsoft Visual Studio Solution File, Format Version 12.00
# Visual Studio 14
VisualStudioVersion = 14.0.24720.0
MinimumVisualStudioVersion = 10.0.40219.1
Project("{FAE04EC0-301F-11D3-BF4B-00C04F79EFBC}") = "MorningBrew.WinPhone", "MorningBrew\MorningBrew.WinPhone\MorningBrew.WinPhone.csproj", "{AD830664-4C2B-40F7-9BD2-88AF3DF8671B}"
EndProject
Project("{FAE04EC0-301F-11D3-BF4B-00C04F79EFBC}") = "MorningBrew.Windows", "MorningBrew\MorningBrew.Windows\MorningBrew.Windows.csproj", "{C8E0B4C6-0CCD-41F6-ACDD-63D5ECE92340}"
EndProject
Project("{FAE04EC0-301F-11D3-BF4B-00C04F79EFBC}") = "MorningBrew", "MorningBrew\MorningBrew\MorningBrew.csproj", "{3BDABD79-B082-47FA-BBF6-C5DD43E8F0CA}"
EndProject
Project("{FAE04EC0-301F-11D3-BF4B-00C04F79EFBC}") = "MorningBrew.iOS", "MorningBrew\MorningBrew.iOS\MorningBrew.iOS.csproj", "{B28B17E1-AFDD-4A56-BE9C-0B777EB278B6}"
EndProject
Project("{FAE04EC0-301F-11D3-BF4B-00C04F79EFBC}") = "MorningBrew.Droid", "MorningBrew\MorningBrew.Droid\MorningBrew.Droid.csproj", "{F759C121-DDE5-4C16-B90D-9FFACA63B2F9}"
EndProject
Global
	GlobalSection(SolutionConfigurationPlatforms) = preSolution
		Ad-Hoc|Any CPU = Ad-Hoc|Any CPU
		Ad-Hoc|ARM = Ad-Hoc|ARM
		Ad-Hoc|iPhone = Ad-Hoc|iPhone
		Ad-Hoc|iPhoneSimulator = Ad-Hoc|iPhoneSimulator
		Ad-Hoc|x64 = Ad-Hoc|x64
		Ad-Hoc|x86 = Ad-Hoc|x86
		AppStore|Any CPU = AppStore|Any CPU
		AppStore|ARM = AppStore|ARM
		AppStore|iPhone = AppStore|iPhone
		AppStore|iPhoneSimulator = AppStore|iPhoneSimulator
		AppStore|x64 = AppStore|x64
		AppStore|x86 = AppStore|x86
		Debug|Any CPU = Debug|Any CPU
		Debug|ARM = Debug|ARM
		Debug|iPhone = Debug|iPhone
		Debug|iPhoneSimulator = Debug|iPhoneSimulator
		Debug|x64 = Debug|x64
		Debug|x86 = Debug|x86
		Release|Any CPU = Release|Any CPU
		Release|ARM = Release|ARM
		Release|iPhone = Release|iPhone
		Release|iPhoneSimulator = Release|iPhoneSimulator
		Release|x64 = Release|x64
		Release|x86 = Release|x86
	EndGlobalSection
	GlobalSection(ProjectConfigurationPlatforms) = postSolution
		{AD830664-4C2B-40F7-9BD2-88AF3DF8671B}.Ad-Hoc|Any CPU.ActiveCfg = Release|Any CPU
		{AD830664-4C2B-40F7-9BD2-88AF3DF8671B}.Ad-Hoc|Any CPU.Build.0 = Release|Any CPU
		{AD830664-4C2B-40F7-9BD2-88AF3DF8671B}.Ad-Hoc|Any CPU.Deploy.0 = Release|Any CPU
		{AD830664-4C2B-40F7-9BD2-88AF3DF8671B}.Ad-Hoc|ARM.ActiveCfg = Release|ARM
		{AD830664-4C2B-40F7-9BD2-88AF3DF8671B}.Ad-Hoc|ARM.Build.0 = Release|ARM
		{AD830664-4C2B-40F7-9BD2-88AF3DF8671B}.Ad-Hoc|ARM.Deploy.0 = Release|ARM
		{AD830664-4C2B-40F7-9BD2-88AF3DF8671B}.Ad-Hoc|iPhone.ActiveCfg = Release|Any CPU
		{AD830664-4C2B-40F7-9BD2-88AF3DF8671B}.Ad-Hoc|iPhone.Build.0 = Release|Any CPU
		{AD830664-4C2B-40F7-9BD2-88AF3DF8671B}.Ad-Hoc|iPhone.Deploy.0 = Release|Any CPU
		{AD830664-4C2B-40F7-9BD2-88AF3DF8671B}.Ad-Hoc|iPhoneSimulator.ActiveCfg = Release|Any CPU
		{AD830664-4C2B-40F7-9BD2-88AF3DF8671B}.Ad-Hoc|iPhoneSimulator.Build.0 = Release|Any CPU
		{AD830664-4C2B-40F7-9BD2-88AF3DF8671B}.Ad-Hoc|iPhoneSimulator.Deploy.0 = Release|Any CPU
		{AD830664-4C2B-40F7-9BD2-88AF3DF8671B}.Ad-Hoc|x64.ActiveCfg = Release|Any CPU
		{AD830664-4C2B-40F7-9BD2-88AF3DF8671B}.Ad-Hoc|x64.Build.0 = Release|Any CPU
		{AD830664-4C2B-40F7-9BD2-88AF3DF8671B}.Ad-Hoc|x64.Deploy.0 = Release|Any CPU
		{AD830664-4C2B-40F7-9BD2-88AF3DF8671B}.Ad-Hoc|x86.ActiveCfg = Release|x86
		{AD830664-4C2B-40F7-9BD2-88AF3DF8671B}.Ad-Hoc|x86.Build.0 = Release|x86
		{AD830664-4C2B-40F7-9BD2-88AF3DF8671B}.Ad-Hoc|x86.Deploy.0 = Release|x86
		{AD830664-4C2B-40F7-9BD2-88AF3DF8671B}.AppStore|Any CPU.ActiveCfg = Release|Any CPU
		{AD830664-4C2B-40F7-9BD2-88AF3DF8671B}.AppStore|Any CPU.Build.0 = Release|Any CPU
		{AD830664-4C2B-40F7-9BD2-88AF3DF8671B}.AppStore|Any CPU.Deploy.0 = Release|Any CPU
		{AD830664-4C2B-40F7-9BD2-88AF3DF8671B}.AppStore|ARM.ActiveCfg = Release|ARM
		{AD830664-4C2B-40F7-9BD2-88AF3DF8671B}.AppStore|ARM.Build.0 = Release|ARM
		{AD830664-4C2B-40F7-9BD2-88AF3DF8671B}.AppStore|ARM.Deploy.0 = Release|ARM
		{AD830664-4C2B-40F7-9BD2-88AF3DF8671B}.AppStore|iPhone.ActiveCfg = Release|Any CPU
		{AD830664-4C2B-40F7-9BD2-88AF3DF8671B}.AppStore|iPhone.Build.0 = Release|Any CPU
		{AD830664-4C2B-40F7-9BD2-88AF3DF8671B}.AppStore|iPhone.Deploy.0 = Release|Any CPU
		{AD830664-4C2B-40F7-9BD2-88AF3DF8671B}.AppStore|iPhoneSimulator.ActiveCfg = Release|Any CPU
		{AD830664-4C2B-40F7-9BD2-88AF3DF8671B}.AppStore|iPhoneSimulator.Build.0 = Release|Any CPU
		{AD830664-4C2B-40F7-9BD2-88AF3DF8671B}.AppStore|iPhoneSimulator.Deploy.0 = Release|Any CPU
		{AD830664-4C2B-40F7-9BD2-88AF3DF8671B}.AppStore|x64.ActiveCfg = Release|Any CPU
		{AD830664-4C2B-40F7-9BD2-88AF3DF8671B}.AppStore|x64.Build.0 = Release|Any CPU
		{AD830664-4C2B-40F7-9BD2-88AF3DF8671B}.AppStore|x64.Deploy.0 = Release|Any CPU
		{AD830664-4C2B-40F7-9BD2-88AF3DF8671B}.AppStore|x86.ActiveCfg = Release|x86
		{AD830664-4C2B-40F7-9BD2-88AF3DF8671B}.AppStore|x86.Build.0 = Release|x86
		{AD830664-4C2B-40F7-9BD2-88AF3DF8671B}.AppStore|x86.Deploy.0 = Release|x86
		{AD830664-4C2B-40F7-9BD2-88AF3DF8671B}.Debug|Any CPU.ActiveCfg = Debug|Any CPU
		{AD830664-4C2B-40F7-9BD2-88AF3DF8671B}.Debug|Any CPU.Build.0 = Debug|Any CPU
		{AD830664-4C2B-40F7-9BD2-88AF3DF8671B}.Debug|Any CPU.Deploy.0 = Debug|Any CPU
		{AD830664-4C2B-40F7-9BD2-88AF3DF8671B}.Debug|ARM.ActiveCfg = Debug|ARM
		{AD830664-4C2B-40F7-9BD2-88AF3DF8671B}.Debug|ARM.Build.0 = Debug|ARM
		{AD830664-4C2B-40F7-9BD2-88AF3DF8671B}.Debug|ARM.Deploy.0 = Debug|ARM
		{AD830664-4C2B-40F7-9BD2-88AF3DF8671B}.Debug|iPhone.ActiveCfg = Debug|Any CPU
		{AD830664-4C2B-40F7-9BD2-88AF3DF8671B}.Debug|iPhone.Build.0 = Debug|Any CPU
		{AD830664-4C2B-40F7-9BD2-88AF3DF8671B}.Debug|iPhone.Deploy.0 = Debug|Any CPU
		{AD830664-4C2B-40F7-9BD2-88AF3DF8671B}.Debug|iPhoneSimulator.ActiveCfg = Debug|Any CPU
		{AD830664-4C2B-40F7-9BD2-88AF3DF8671B}.Debug|iPhoneSimulator.Build.0 = Debug|Any CPU
		{AD830664-4C2B-40F7-9BD2-88AF3DF8671B}.Debug|iPhoneSimulator.Deploy.0 = Debug|Any CPU
		{AD830664-4C2B-40F7-9BD2-88AF3DF8671B}.Debug|x64.ActiveCfg = Debug|Any CPU
		{AD830664-4C2B-40F7-9BD2-88AF3DF8671B}.Debug|x64.Build.0 = Debug|Any CPU
		{AD830664-4C2B-40F7-9BD2-88AF3DF8671B}.Debug|x64.Deploy.0 = Debug|Any CPU
		{AD830664-4C2B-40F7-9BD2-88AF3DF8671B}.Debug|x86.ActiveCfg = Debug|x86
		{AD830664-4C2B-40F7-9BD2-88AF3DF8671B}.Debug|x86.Build.0 = Debug|x86
		{AD830664-4C2B-40F7-9BD2-88AF3DF8671B}.Debug|x86.Deploy.0 = Debug|x86
		{AD830664-4C2B-40F7-9BD2-88AF3DF8671B}.Release|Any CPU.ActiveCfg = Release|Any CPU
		{AD830664-4C2B-40F7-9BD2-88AF3DF8671B}.Release|Any CPU.Build.0 = Release|Any CPU
		{AD830664-4C2B-40F7-9BD2-88AF3DF8671B}.Release|Any CPU.Deploy.0 = Release|Any CPU
		{AD830664-4C2B-40F7-9BD2-88AF3DF8671B}.Release|ARM.ActiveCfg = Release|ARM
		{AD830664-4C2B-40F7-9BD2-88AF3DF8671B}.Release|ARM.Build.0 = Release|ARM
		{AD830664-4C2B-40F7-9BD2-88AF3DF8671B}.Release|ARM.Deploy.0 = Release|ARM
		{AD830664-4C2B-40F7-9BD2-88AF3DF8671B}.Release|iPhone.ActiveCfg = Release|Any CPU
		{AD830664-4C2B-40F7-9BD2-88AF3DF8671B}.Release|iPhone.Build.0 = Release|Any CPU
		{AD830664-4C2B-40F7-9BD2-88AF3DF8671B}.Release|iPhone.Deploy.0 = Release|Any CPU
		{AD830664-4C2B-40F7-9BD2-88AF3DF8671B}.Release|iPhoneSimulator.ActiveCfg = Release|Any CPU
		{AD830664-4C2B-40F7-9BD2-88AF3DF8671B}.Release|iPhoneSimulator.Build.0 = Release|Any CPU
		{AD830664-4C2B-40F7-9BD2-88AF3DF8671B}.Release|iPhoneSimulator.Deploy.0 = Release|Any CPU
		{AD830664-4C2B-40F7-9BD2-88AF3DF8671B}.Release|x64.ActiveCfg = Release|Any CPU
		{AD830664-4C2B-40F7-9BD2-88AF3DF8671B}.Release|x64.Build.0 = Release|Any CPU
		{AD830664-4C2B-40F7-9BD2-88AF3DF8671B}.Release|x64.Deploy.0 = Release|Any CPU
		{AD830664-4C2B-40F7-9BD2-88AF3DF8671B}.Release|x86.ActiveCfg = Release|x86
		{AD830664-4C2B-40F7-9BD2-88AF3DF8671B}.Release|x86.Build.0 = Release|x86
		{AD830664-4C2B-40F7-9BD2-88AF3DF8671B}.Release|x86.Deploy.0 = Release|x86
		{C8E0B4C6-0CCD-41F6-ACDD-63D5ECE92340}.Ad-Hoc|Any CPU.ActiveCfg = Release|Any CPU
		{C8E0B4C6-0CCD-41F6-ACDD-63D5ECE92340}.Ad-Hoc|Any CPU.Build.0 = Release|Any CPU
		{C8E0B4C6-0CCD-41F6-ACDD-63D5ECE92340}.Ad-Hoc|Any CPU.Deploy.0 = Release|Any CPU
		{C8E0B4C6-0CCD-41F6-ACDD-63D5ECE92340}.Ad-Hoc|ARM.ActiveCfg = Release|ARM
		{C8E0B4C6-0CCD-41F6-ACDD-63D5ECE92340}.Ad-Hoc|ARM.Build.0 = Release|ARM
		{C8E0B4C6-0CCD-41F6-ACDD-63D5ECE92340}.Ad-Hoc|ARM.Deploy.0 = Release|ARM
		{C8E0B4C6-0CCD-41F6-ACDD-63D5ECE92340}.Ad-Hoc|iPhone.ActiveCfg = Release|Any CPU
		{C8E0B4C6-0CCD-41F6-ACDD-63D5ECE92340}.Ad-Hoc|iPhone.Build.0 = Release|Any CPU
		{C8E0B4C6-0CCD-41F6-ACDD-63D5ECE92340}.Ad-Hoc|iPhone.Deploy.0 = Release|Any CPU
		{C8E0B4C6-0CCD-41F6-ACDD-63D5ECE92340}.Ad-Hoc|iPhoneSimulator.ActiveCfg = Release|Any CPU
		{C8E0B4C6-0CCD-41F6-ACDD-63D5ECE92340}.Ad-Hoc|iPhoneSimulator.Build.0 = Release|Any CPU
		{C8E0B4C6-0CCD-41F6-ACDD-63D5ECE92340}.Ad-Hoc|iPhoneSimulator.Deploy.0 = Release|Any CPU
		{C8E0B4C6-0CCD-41F6-ACDD-63D5ECE92340}.Ad-Hoc|x64.ActiveCfg = Release|x64
		{C8E0B4C6-0CCD-41F6-ACDD-63D5ECE92340}.Ad-Hoc|x64.Build.0 = Release|x64
		{C8E0B4C6-0CCD-41F6-ACDD-63D5ECE92340}.Ad-Hoc|x64.Deploy.0 = Release|x64
		{C8E0B4C6-0CCD-41F6-ACDD-63D5ECE92340}.Ad-Hoc|x86.ActiveCfg = Release|x86
		{C8E0B4C6-0CCD-41F6-ACDD-63D5ECE92340}.Ad-Hoc|x86.Build.0 = Release|x86
		{C8E0B4C6-0CCD-41F6-ACDD-63D5ECE92340}.Ad-Hoc|x86.Deploy.0 = Release|x86
		{C8E0B4C6-0CCD-41F6-ACDD-63D5ECE92340}.AppStore|Any CPU.ActiveCfg = Release|Any CPU
		{C8E0B4C6-0CCD-41F6-ACDD-63D5ECE92340}.AppStore|Any CPU.Build.0 = Release|Any CPU
		{C8E0B4C6-0CCD-41F6-ACDD-63D5ECE92340}.AppStore|Any CPU.Deploy.0 = Release|Any CPU
		{C8E0B4C6-0CCD-41F6-ACDD-63D5ECE92340}.AppStore|ARM.ActiveCfg = Release|ARM
		{C8E0B4C6-0CCD-41F6-ACDD-63D5ECE92340}.AppStore|ARM.Build.0 = Release|ARM
		{C8E0B4C6-0CCD-41F6-ACDD-63D5ECE92340}.AppStore|ARM.Deploy.0 = Release|ARM
		{C8E0B4C6-0CCD-41F6-ACDD-63D5ECE92340}.AppStore|iPhone.ActiveCfg = Release|Any CPU
		{C8E0B4C6-0CCD-41F6-ACDD-63D5ECE92340}.AppStore|iPhone.Build.0 = Release|Any CPU
		{C8E0B4C6-0CCD-41F6-ACDD-63D5ECE92340}.AppStore|iPhone.Deploy.0 = Release|Any CPU
		{C8E0B4C6-0CCD-41F6-ACDD-63D5ECE92340}.AppStore|iPhoneSimulator.ActiveCfg = Release|Any CPU
		{C8E0B4C6-0CCD-41F6-ACDD-63D5ECE92340}.AppStore|iPhoneSimulator.Build.0 = Release|Any CPU
		{C8E0B4C6-0CCD-41F6-ACDD-63D5ECE92340}.AppStore|iPhoneSimulator.Deploy.0 = Release|Any CPU
		{C8E0B4C6-0CCD-41F6-ACDD-63D5ECE92340}.AppStore|x64.ActiveCfg = Release|x64
		{C8E0B4C6-0CCD-41F6-ACDD-63D5ECE92340}.AppStore|x64.Build.0 = Release|x64
		{C8E0B4C6-0CCD-41F6-ACDD-63D5ECE92340}.AppStore|x64.Deploy.0 = Release|x64
		{C8E0B4C6-0CCD-41F6-ACDD-63D5ECE92340}.AppStore|x86.ActiveCfg = Release|x86
		{C8E0B4C6-0CCD-41F6-ACDD-63D5ECE92340}.AppStore|x86.Build.0 = Release|x86
		{C8E0B4C6-0CCD-41F6-ACDD-63D5ECE92340}.AppStore|x86.Deploy.0 = Release|x86
		{C8E0B4C6-0CCD-41F6-ACDD-63D5ECE92340}.Debug|Any CPU.ActiveCfg = Debug|Any CPU
		{C8E0B4C6-0CCD-41F6-ACDD-63D5ECE92340}.Debug|Any CPU.Build.0 = Debug|Any CPU
		{C8E0B4C6-0CCD-41F6-ACDD-63D5ECE92340}.Debug|Any CPU.Deploy.0 = Debug|Any CPU
		{C8E0B4C6-0CCD-41F6-ACDD-63D5ECE92340}.Debug|ARM.ActiveCfg = Debug|ARM
		{C8E0B4C6-0CCD-41F6-ACDD-63D5ECE92340}.Debug|ARM.Build.0 = Debug|ARM
		{C8E0B4C6-0CCD-41F6-ACDD-63D5ECE92340}.Debug|ARM.Deploy.0 = Debug|ARM
		{C8E0B4C6-0CCD-41F6-ACDD-63D5ECE92340}.Debug|iPhone.ActiveCfg = Debug|Any CPU
		{C8E0B4C6-0CCD-41F6-ACDD-63D5ECE92340}.Debug|iPhone.Build.0 = Debug|Any CPU
		{C8E0B4C6-0CCD-41F6-ACDD-63D5ECE92340}.Debug|iPhone.Deploy.0 = Debug|Any CPU
		{C8E0B4C6-0CCD-41F6-ACDD-63D5ECE92340}.Debug|iPhoneSimulator.ActiveCfg = Debug|Any CPU
		{C8E0B4C6-0CCD-41F6-ACDD-63D5ECE92340}.Debug|iPhoneSimulator.Build.0 = Debug|Any CPU
		{C8E0B4C6-0CCD-41F6-ACDD-63D5ECE92340}.Debug|iPhoneSimulator.Deploy.0 = Debug|Any CPU
		{C8E0B4C6-0CCD-41F6-ACDD-63D5ECE92340}.Debug|x64.ActiveCfg = Debug|x64
		{C8E0B4C6-0CCD-41F6-ACDD-63D5ECE92340}.Debug|x64.Build.0 = Debug|x64
		{C8E0B4C6-0CCD-41F6-ACDD-63D5ECE92340}.Debug|x64.Deploy.0 = Debug|x64
		{C8E0B4C6-0CCD-41F6-ACDD-63D5ECE92340}.Debug|x86.ActiveCfg = Debug|x86
		{C8E0B4C6-0CCD-41F6-ACDD-63D5ECE92340}.Debug|x86.Build.0 = Debug|x86
		{C8E0B4C6-0CCD-41F6-ACDD-63D5ECE92340}.Debug|x86.Deploy.0 = Debug|x86
		{C8E0B4C6-0CCD-41F6-ACDD-63D5ECE92340}.Release|Any CPU.ActiveCfg = Release|Any CPU
		{C8E0B4C6-0CCD-41F6-ACDD-63D5ECE92340}.Release|Any CPU.Build.0 = Release|Any CPU
		{C8E0B4C6-0CCD-41F6-ACDD-63D5ECE92340}.Release|Any CPU.Deploy.0 = Release|Any CPU
		{C8E0B4C6-0CCD-41F6-ACDD-63D5ECE92340}.Release|ARM.ActiveCfg = Release|ARM
		{C8E0B4C6-0CCD-41F6-ACDD-63D5ECE92340}.Release|ARM.Build.0 = Release|ARM
		{C8E0B4C6-0CCD-41F6-ACDD-63D5ECE92340}.Release|ARM.Deploy.0 = Release|ARM
		{C8E0B4C6-0CCD-41F6-ACDD-63D5ECE92340}.Release|iPhone.ActiveCfg = Release|Any CPU
		{C8E0B4C6-0CCD-41F6-ACDD-63D5ECE92340}.Release|iPhone.Build.0 = Release|Any CPU
		{C8E0B4C6-0CCD-41F6-ACDD-63D5ECE92340}.Release|iPhone.Deploy.0 = Release|Any CPU
		{C8E0B4C6-0CCD-41F6-ACDD-63D5ECE92340}.Release|iPhoneSimulator.ActiveCfg = Release|Any CPU
		{C8E0B4C6-0CCD-41F6-ACDD-63D5ECE92340}.Release|iPhoneSimulator.Build.0 = Release|Any CPU
		{C8E0B4C6-0CCD-41F6-ACDD-63D5ECE92340}.Release|iPhoneSimulator.Deploy.0 = Release|Any CPU
		{C8E0B4C6-0CCD-41F6-ACDD-63D5ECE92340}.Release|x64.ActiveCfg = Release|x64
		{C8E0B4C6-0CCD-41F6-ACDD-63D5ECE92340}.Release|x64.Build.0 = Release|x64
		{C8E0B4C6-0CCD-41F6-ACDD-63D5ECE92340}.Release|x64.Deploy.0 = Release|x64
		{C8E0B4C6-0CCD-41F6-ACDD-63D5ECE92340}.Release|x86.ActiveCfg = Release|x86
		{C8E0B4C6-0CCD-41F6-ACDD-63D5ECE92340}.Release|x86.Build.0 = Release|x86
		{C8E0B4C6-0CCD-41F6-ACDD-63D5ECE92340}.Release|x86.Deploy.0 = Release|x86
		{3BDABD79-B082-47FA-BBF6-C5DD43E8F0CA}.Ad-Hoc|Any CPU.ActiveCfg = Release|Any CPU
		{3BDABD79-B082-47FA-BBF6-C5DD43E8F0CA}.Ad-Hoc|Any CPU.Build.0 = Release|Any CPU
		{3BDABD79-B082-47FA-BBF6-C5DD43E8F0CA}.Ad-Hoc|ARM.ActiveCfg = Release|Any CPU
		{3BDABD79-B082-47FA-BBF6-C5DD43E8F0CA}.Ad-Hoc|ARM.Build.0 = Release|Any CPU
		{3BDABD79-B082-47FA-BBF6-C5DD43E8F0CA}.Ad-Hoc|iPhone.ActiveCfg = Release|Any CPU
		{3BDABD79-B082-47FA-BBF6-C5DD43E8F0CA}.Ad-Hoc|iPhone.Build.0 = Release|Any CPU
		{3BDABD79-B082-47FA-BBF6-C5DD43E8F0CA}.Ad-Hoc|iPhoneSimulator.ActiveCfg = Release|Any CPU
		{3BDABD79-B082-47FA-BBF6-C5DD43E8F0CA}.Ad-Hoc|iPhoneSimulator.Build.0 = Release|Any CPU
		{3BDABD79-B082-47FA-BBF6-C5DD43E8F0CA}.Ad-Hoc|x64.ActiveCfg = Release|Any CPU
		{3BDABD79-B082-47FA-BBF6-C5DD43E8F0CA}.Ad-Hoc|x64.Build.0 = Release|Any CPU
		{3BDABD79-B082-47FA-BBF6-C5DD43E8F0CA}.Ad-Hoc|x86.ActiveCfg = Release|Any CPU
		{3BDABD79-B082-47FA-BBF6-C5DD43E8F0CA}.Ad-Hoc|x86.Build.0 = Release|Any CPU
		{3BDABD79-B082-47FA-BBF6-C5DD43E8F0CA}.AppStore|Any CPU.ActiveCfg = Release|Any CPU
		{3BDABD79-B082-47FA-BBF6-C5DD43E8F0CA}.AppStore|Any CPU.Build.0 = Release|Any CPU
		{3BDABD79-B082-47FA-BBF6-C5DD43E8F0CA}.AppStore|ARM.ActiveCfg = Release|Any CPU
		{3BDABD79-B082-47FA-BBF6-C5DD43E8F0CA}.AppStore|ARM.Build.0 = Release|Any CPU
		{3BDABD79-B082-47FA-BBF6-C5DD43E8F0CA}.AppStore|iPhone.ActiveCfg = Release|Any CPU
		{3BDABD79-B082-47FA-BBF6-C5DD43E8F0CA}.AppStore|iPhone.Build.0 = Release|Any CPU
		{3BDABD79-B082-47FA-BBF6-C5DD43E8F0CA}.AppStore|iPhoneSimulator.ActiveCfg = Release|Any CPU
		{3BDABD79-B082-47FA-BBF6-C5DD43E8F0CA}.AppStore|iPhoneSimulator.Build.0 = Release|Any CPU
		{3BDABD79-B082-47FA-BBF6-C5DD43E8F0CA}.AppStore|x64.ActiveCfg = Release|Any CPU
		{3BDABD79-B082-47FA-BBF6-C5DD43E8F0CA}.AppStore|x64.Build.0 = Release|Any CPU
		{3BDABD79-B082-47FA-BBF6-C5DD43E8F0CA}.AppStore|x86.ActiveCfg = Release|Any CPU
		{3BDABD79-B082-47FA-BBF6-C5DD43E8F0CA}.AppStore|x86.Build.0 = Release|Any CPU
		{3BDABD79-B082-47FA-BBF6-C5DD43E8F0CA}.Debug|Any CPU.ActiveCfg = Debug|Any CPU
		{3BDABD79-B082-47FA-BBF6-C5DD43E8F0CA}.Debug|Any CPU.Build.0 = Debug|Any CPU
		{3BDABD79-B082-47FA-BBF6-C5DD43E8F0CA}.Debug|ARM.ActiveCfg = Debug|Any CPU
		{3BDABD79-B082-47FA-BBF6-C5DD43E8F0CA}.Debug|ARM.Build.0 = Debug|Any CPU
		{3BDABD79-B082-47FA-BBF6-C5DD43E8F0CA}.Debug|iPhone.ActiveCfg = Debug|Any CPU
		{3BDABD79-B082-47FA-BBF6-C5DD43E8F0CA}.Debug|iPhone.Build.0 = Debug|Any CPU
		{3BDABD79-B082-47FA-BBF6-C5DD43E8F0CA}.Debug|iPhoneSimulator.ActiveCfg = Debug|Any CPU
		{3BDABD79-B082-47FA-BBF6-C5DD43E8F0CA}.Debug|iPhoneSimulator.Build.0 = Debug|Any CPU
		{3BDABD79-B082-47FA-BBF6-C5DD43E8F0CA}.Debug|x64.ActiveCfg = Debug|Any CPU
		{3BDABD79-B082-47FA-BBF6-C5DD43E8F0CA}.Debug|x64.Build.0 = Debug|Any CPU
		{3BDABD79-B082-47FA-BBF6-C5DD43E8F0CA}.Debug|x86.ActiveCfg = Debug|Any CPU
		{3BDABD79-B082-47FA-BBF6-C5DD43E8F0CA}.Debug|x86.Build.0 = Debug|Any CPU
		{3BDABD79-B082-47FA-BBF6-C5DD43E8F0CA}.Release|Any CPU.ActiveCfg = Release|Any CPU
		{3BDABD79-B082-47FA-BBF6-C5DD43E8F0CA}.Release|Any CPU.Build.0 = Release|Any CPU
		{3BDABD79-B082-47FA-BBF6-C5DD43E8F0CA}.Release|ARM.ActiveCfg = Release|Any CPU
		{3BDABD79-B082-47FA-BBF6-C5DD43E8F0CA}.Release|ARM.Build.0 = Release|Any CPU
		{3BDABD79-B082-47FA-BBF6-C5DD43E8F0CA}.Release|iPhone.ActiveCfg = Release|Any CPU
		{3BDABD79-B082-47FA-BBF6-C5DD43E8F0CA}.Release|iPhone.Build.0 = Release|Any CPU
		{3BDABD79-B082-47FA-BBF6-C5DD43E8F0CA}.Release|iPhoneSimulator.ActiveCfg = Release|Any CPU
		{3BDABD79-B082-47FA-BBF6-C5DD43E8F0CA}.Release|iPhoneSimulator.Build.0 = Release|Any CPU
		{3BDABD79-B082-47FA-BBF6-C5DD43E8F0CA}.Release|x64.ActiveCfg = Release|Any CPU
		{3BDABD79-B082-47FA-BBF6-C5DD43E8F0CA}.Release|x64.Build.0 = Release|Any CPU
		{3BDABD79-B082-47FA-BBF6-C5DD43E8F0CA}.Release|x86.ActiveCfg = Release|Any CPU
		{3BDABD79-B082-47FA-BBF6-C5DD43E8F0CA}.Release|x86.Build.0 = Release|Any CPU
		{B28B17E1-AFDD-4A56-BE9C-0B777EB278B6}.Ad-Hoc|Any CPU.ActiveCfg = Ad-Hoc|iPhone
		{B28B17E1-AFDD-4A56-BE9C-0B777EB278B6}.Ad-Hoc|Any CPU.Build.0 = Ad-Hoc|iPhone
		{B28B17E1-AFDD-4A56-BE9C-0B777EB278B6}.Ad-Hoc|ARM.ActiveCfg = Ad-Hoc|iPhone
		{B28B17E1-AFDD-4A56-BE9C-0B777EB278B6}.Ad-Hoc|ARM.Build.0 = Ad-Hoc|iPhone
		{B28B17E1-AFDD-4A56-BE9C-0B777EB278B6}.Ad-Hoc|iPhone.ActiveCfg = Ad-Hoc|iPhone
		{B28B17E1-AFDD-4A56-BE9C-0B777EB278B6}.Ad-Hoc|iPhone.Build.0 = Ad-Hoc|iPhone
		{B28B17E1-AFDD-4A56-BE9C-0B777EB278B6}.Ad-Hoc|iPhoneSimulator.ActiveCfg = Debug|iPhoneSimulator
		{B28B17E1-AFDD-4A56-BE9C-0B777EB278B6}.Ad-Hoc|iPhoneSimulator.Build.0 = Debug|iPhoneSimulator
		{B28B17E1-AFDD-4A56-BE9C-0B777EB278B6}.Ad-Hoc|x64.ActiveCfg = Ad-Hoc|iPhone
		{B28B17E1-AFDD-4A56-BE9C-0B777EB278B6}.Ad-Hoc|x64.Build.0 = Ad-Hoc|iPhone
		{B28B17E1-AFDD-4A56-BE9C-0B777EB278B6}.Ad-Hoc|x86.ActiveCfg = Ad-Hoc|iPhone
		{B28B17E1-AFDD-4A56-BE9C-0B777EB278B6}.Ad-Hoc|x86.Build.0 = Ad-Hoc|iPhone
		{B28B17E1-AFDD-4A56-BE9C-0B777EB278B6}.AppStore|Any CPU.ActiveCfg = AppStore|iPhone
		{B28B17E1-AFDD-4A56-BE9C-0B777EB278B6}.AppStore|Any CPU.Build.0 = AppStore|iPhone
		{B28B17E1-AFDD-4A56-BE9C-0B777EB278B6}.AppStore|ARM.ActiveCfg = AppStore|iPhone
		{B28B17E1-AFDD-4A56-BE9C-0B777EB278B6}.AppStore|ARM.Build.0 = AppStore|iPhone
		{B28B17E1-AFDD-4A56-BE9C-0B777EB278B6}.AppStore|iPhone.ActiveCfg = AppStore|iPhone
		{B28B17E1-AFDD-4A56-BE9C-0B777EB278B6}.AppStore|iPhone.Build.0 = AppStore|iPhone
		{B28B17E1-AFDD-4A56-BE9C-0B777EB278B6}.AppStore|iPhoneSimulator.ActiveCfg = Debug|iPhoneSimulator
		{B28B17E1-AFDD-4A56-BE9C-0B777EB278B6}.AppStore|iPhoneSimulator.Build.0 = Debug|iPhoneSimulator
		{B28B17E1-AFDD-4A56-BE9C-0B777EB278B6}.AppStore|x64.ActiveCfg = AppStore|iPhone
		{B28B17E1-AFDD-4A56-BE9C-0B777EB278B6}.AppStore|x64.Build.0 = AppStore|iPhone
		{B28B17E1-AFDD-4A56-BE9C-0B777EB278B6}.AppStore|x86.ActiveCfg = AppStore|iPhone
		{B28B17E1-AFDD-4A56-BE9C-0B777EB278B6}.AppStore|x86.Build.0 = AppStore|iPhone
		{B28B17E1-AFDD-4A56-BE9C-0B777EB278B6}.Debug|Any CPU.ActiveCfg = Debug|iPhoneSimulator
		{B28B17E1-AFDD-4A56-BE9C-0B777EB278B6}.Debug|Any CPU.Build.0 = Debug|iPhoneSimulator
		{B28B17E1-AFDD-4A56-BE9C-0B777EB278B6}.Debug|ARM.ActiveCfg = Debug|iPhoneSimulator
		{B28B17E1-AFDD-4A56-BE9C-0B777EB278B6}.Debug|ARM.Build.0 = Debug|iPhoneSimulator
		{B28B17E1-AFDD-4A56-BE9C-0B777EB278B6}.Debug|iPhone.ActiveCfg = Debug|iPhone
		{B28B17E1-AFDD-4A56-BE9C-0B777EB278B6}.Debug|iPhone.Build.0 = Debug|iPhone
		{B28B17E1-AFDD-4A56-BE9C-0B777EB278B6}.Debug|iPhoneSimulator.ActiveCfg = Debug|iPhoneSimulator
		{B28B17E1-AFDD-4A56-BE9C-0B777EB278B6}.Debug|iPhoneSimulator.Build.0 = Debug|iPhoneSimulator
		{B28B17E1-AFDD-4A56-BE9C-0B777EB278B6}.Debug|x64.ActiveCfg = Debug|iPhoneSimulator
		{B28B17E1-AFDD-4A56-BE9C-0B777EB278B6}.Debug|x64.Build.0 = Debug|iPhoneSimulator
		{B28B17E1-AFDD-4A56-BE9C-0B777EB278B6}.Debug|x86.ActiveCfg = Debug|iPhoneSimulator
		{B28B17E1-AFDD-4A56-BE9C-0B777EB278B6}.Debug|x86.Build.0 = Debug|iPhoneSimulator
		{B28B17E1-AFDD-4A56-BE9C-0B777EB278B6}.Release|Any CPU.ActiveCfg = Release|iPhoneSimulator
		{B28B17E1-AFDD-4A56-BE9C-0B777EB278B6}.Release|Any CPU.Build.0 = Release|iPhoneSimulator
		{B28B17E1-AFDD-4A56-BE9C-0B777EB278B6}.Release|ARM.ActiveCfg = Release|iPhoneSimulator
		{B28B17E1-AFDD-4A56-BE9C-0B777EB278B6}.Release|ARM.Build.0 = Release|iPhoneSimulator
		{B28B17E1-AFDD-4A56-BE9C-0B777EB278B6}.Release|iPhone.ActiveCfg = Release|iPhone
		{B28B17E1-AFDD-4A56-BE9C-0B777EB278B6}.Release|iPhone.Build.0 = Release|iPhone
		{B28B17E1-AFDD-4A56-BE9C-0B777EB278B6}.Release|iPhoneSimulator.ActiveCfg = Release|iPhoneSimulator
		{B28B17E1-AFDD-4A56-BE9C-0B777EB278B6}.Release|iPhoneSimulator.Build.0 = Release|iPhoneSimulator
		{B28B17E1-AFDD-4A56-BE9C-0B777EB278B6}.Release|x64.ActiveCfg = Release|iPhoneSimulator
		{B28B17E1-AFDD-4A56-BE9C-0B777EB278B6}.Release|x64.Build.0 = Release|iPhoneSimulator
		{B28B17E1-AFDD-4A56-BE9C-0B777EB278B6}.Release|x86.ActiveCfg = Release|iPhoneSimulator
		{B28B17E1-AFDD-4A56-BE9C-0B777EB278B6}.Release|x86.Build.0 = Release|iPhoneSimulator
		{F759C121-DDE5-4C16-B90D-9FFACA63B2F9}.Ad-Hoc|Any CPU.ActiveCfg = Release|Any CPU
		{F759C121-DDE5-4C16-B90D-9FFACA63B2F9}.Ad-Hoc|Any CPU.Build.0 = Release|Any CPU
		{F759C121-DDE5-4C16-B90D-9FFACA63B2F9}.Ad-Hoc|Any CPU.Deploy.0 = Release|Any CPU
		{F759C121-DDE5-4C16-B90D-9FFACA63B2F9}.Ad-Hoc|ARM.ActiveCfg = Release|Any CPU
		{F759C121-DDE5-4C16-B90D-9FFACA63B2F9}.Ad-Hoc|ARM.Build.0 = Release|Any CPU
		{F759C121-DDE5-4C16-B90D-9FFACA63B2F9}.Ad-Hoc|ARM.Deploy.0 = Release|Any CPU
		{F759C121-DDE5-4C16-B90D-9FFACA63B2F9}.Ad-Hoc|iPhone.ActiveCfg = Release|Any CPU
		{F759C121-DDE5-4C16-B90D-9FFACA63B2F9}.Ad-Hoc|iPhone.Build.0 = Release|Any CPU
		{F759C121-DDE5-4C16-B90D-9FFACA63B2F9}.Ad-Hoc|iPhone.Deploy.0 = Release|Any CPU
		{F759C121-DDE5-4C16-B90D-9FFACA63B2F9}.Ad-Hoc|iPhoneSimulator.ActiveCfg = Release|Any CPU
		{F759C121-DDE5-4C16-B90D-9FFACA63B2F9}.Ad-Hoc|iPhoneSimulator.Build.0 = Release|Any CPU
		{F759C121-DDE5-4C16-B90D-9FFACA63B2F9}.Ad-Hoc|iPhoneSimulator.Deploy.0 = Release|Any CPU
		{F759C121-DDE5-4C16-B90D-9FFACA63B2F9}.Ad-Hoc|x64.ActiveCfg = Release|Any CPU
		{F759C121-DDE5-4C16-B90D-9FFACA63B2F9}.Ad-Hoc|x64.Build.0 = Release|Any CPU
		{F759C121-DDE5-4C16-B90D-9FFACA63B2F9}.Ad-Hoc|x64.Deploy.0 = Release|Any CPU
		{F759C121-DDE5-4C16-B90D-9FFACA63B2F9}.Ad-Hoc|x86.ActiveCfg = Release|Any CPU
		{F759C121-DDE5-4C16-B90D-9FFACA63B2F9}.Ad-Hoc|x86.Build.0 = Release|Any CPU
		{F759C121-DDE5-4C16-B90D-9FFACA63B2F9}.Ad-Hoc|x86.Deploy.0 = Release|Any CPU
		{F759C121-DDE5-4C16-B90D-9FFACA63B2F9}.AppStore|Any CPU.ActiveCfg = Release|Any CPU
		{F759C121-DDE5-4C16-B90D-9FFACA63B2F9}.AppStore|Any CPU.Build.0 = Release|Any CPU
		{F759C121-DDE5-4C16-B90D-9FFACA63B2F9}.AppStore|Any CPU.Deploy.0 = Release|Any CPU
		{F759C121-DDE5-4C16-B90D-9FFACA63B2F9}.AppStore|ARM.ActiveCfg = Release|Any CPU
		{F759C121-DDE5-4C16-B90D-9FFACA63B2F9}.AppStore|ARM.Build.0 = Release|Any CPU
		{F759C121-DDE5-4C16-B90D-9FFACA63B2F9}.AppStore|ARM.Deploy.0 = Release|Any CPU
		{F759C121-DDE5-4C16-B90D-9FFACA63B2F9}.AppStore|iPhone.ActiveCfg = Release|Any CPU
		{F759C121-DDE5-4C16-B90D-9FFACA63B2F9}.AppStore|iPhone.Build.0 = Release|Any CPU
		{F759C121-DDE5-4C16-B90D-9FFACA63B2F9}.AppStore|iPhone.Deploy.0 = Release|Any CPU
		{F759C121-DDE5-4C16-B90D-9FFACA63B2F9}.AppStore|iPhoneSimulator.ActiveCfg = Release|Any CPU
		{F759C121-DDE5-4C16-B90D-9FFACA63B2F9}.AppStore|iPhoneSimulator.Build.0 = Release|Any CPU
		{F759C121-DDE5-4C16-B90D-9FFACA63B2F9}.AppStore|iPhoneSimulator.Deploy.0 = Release|Any CPU
		{F759C121-DDE5-4C16-B90D-9FFACA63B2F9}.AppStore|x64.ActiveCfg = Release|Any CPU
		{F759C121-DDE5-4C16-B90D-9FFACA63B2F9}.AppStore|x64.Build.0 = Release|Any CPU
		{F759C121-DDE5-4C16-B90D-9FFACA63B2F9}.AppStore|x64.Deploy.0 = Release|Any CPU
		{F759C121-DDE5-4C16-B90D-9FFACA63B2F9}.AppStore|x86.ActiveCfg = Release|Any CPU
		{F759C121-DDE5-4C16-B90D-9FFACA63B2F9}.AppStore|x86.Build.0 = Release|Any CPU
		{F759C121-DDE5-4C16-B90D-9FFACA63B2F9}.AppStore|x86.Deploy.0 = Release|Any CPU
		{F759C121-DDE5-4C16-B90D-9FFACA63B2F9}.Debug|Any CPU.ActiveCfg = Debug|Any CPU
		{F759C121-DDE5-4C16-B90D-9FFACA63B2F9}.Debug|Any CPU.Build.0 = Debug|Any CPU
		{F759C121-DDE5-4C16-B90D-9FFACA63B2F9}.Debug|Any CPU.Deploy.0 = Debug|Any CPU
		{F759C121-DDE5-4C16-B90D-9FFACA63B2F9}.Debug|ARM.ActiveCfg = Debug|Any CPU
		{F759C121-DDE5-4C16-B90D-9FFACA63B2F9}.Debug|ARM.Build.0 = Debug|Any CPU
		{F759C121-DDE5-4C16-B90D-9FFACA63B2F9}.Debug|ARM.Deploy.0 = Debug|Any CPU
		{F759C121-DDE5-4C16-B90D-9FFACA63B2F9}.Debug|iPhone.ActiveCfg = Debug|Any CPU
		{F759C121-DDE5-4C16-B90D-9FFACA63B2F9}.Debug|iPhone.Build.0 = Debug|Any CPU
		{F759C121-DDE5-4C16-B90D-9FFACA63B2F9}.Debug|iPhone.Deploy.0 = Debug|Any CPU
		{F759C121-DDE5-4C16-B90D-9FFACA63B2F9}.Debug|iPhoneSimulator.ActiveCfg = Debug|Any CPU
		{F759C121-DDE5-4C16-B90D-9FFACA63B2F9}.Debug|iPhoneSimulator.Build.0 = Debug|Any CPU
		{F759C121-DDE5-4C16-B90D-9FFACA63B2F9}.Debug|iPhoneSimulator.Deploy.0 = Debug|Any CPU
		{F759C121-DDE5-4C16-B90D-9FFACA63B2F9}.Debug|x64.ActiveCfg = Debug|Any CPU
		{F759C121-DDE5-4C16-B90D-9FFACA63B2F9}.Debug|x64.Build.0 = Debug|Any CPU
		{F759C121-DDE5-4C16-B90D-9FFACA63B2F9}.Debug|x64.Deploy.0 = Debug|Any CPU
		{F759C121-DDE5-4C16-B90D-9FFACA63B2F9}.Debug|x86.ActiveCfg = Debug|Any CPU
		{F759C121-DDE5-4C16-B90D-9FFACA63B2F9}.Debug|x86.Build.0 = Debug|Any CPU
		{F759C121-DDE5-4C16-B90D-9FFACA63B2F9}.Debug|x86.Deploy.0 = Debug|Any CPU
		{F759C121-DDE5-4C16-B90D-9FFACA63B2F9}.Release|Any CPU.ActiveCfg = Release|Any CPU
		{F759C121-DDE5-4C16-B90D-9FFACA63B2F9}.Release|Any CPU.Build.0 = Release|Any CPU
		{F759C121-DDE5-4C16-B90D-9FFACA63B2F9}.Release|Any CPU.Deploy.0 = Release|Any CPU
		{F759C121-DDE5-4C16-B90D-9FFACA63B2F9}.Release|ARM.ActiveCfg = Release|Any CPU
		{F759C121-DDE5-4C16-B90D-9FFACA63B2F9}.Release|ARM.Build.0 = Release|Any CPU
		{F759C121-DDE5-4C16-B90D-9FFACA63B2F9}.Release|ARM.Deploy.0 = Release|Any CPU
		{F759C121-DDE5-4C16-B90D-9FFACA63B2F9}.Release|iPhone.ActiveCfg = Release|Any CPU
		{F759C121-DDE5-4C16-B90D-9FFACA63B2F9}.Release|iPhone.Build.0 = Release|Any CPU
		{F759C121-DDE5-4C16-B90D-9FFACA63B2F9}.Release|iPhone.Deploy.0 = Release|Any CPU
		{F759C121-DDE5-4C16-B90D-9FFACA63B2F9}.Release|iPhoneSimulator.ActiveCfg = Release|Any CPU
		{F759C121-DDE5-4C16-B90D-9FFACA63B2F9}.Release|iPhoneSimulator.Build.0 = Release|Any CPU
		{F759C121-DDE5-4C16-B90D-9FFACA63B2F9}.Release|iPhoneSimulator.Deploy.0 = Release|Any CPU
		{F759C121-DDE5-4C16-B90D-9FFACA63B2F9}.Release|x64.ActiveCfg = Release|Any CPU
		{F759C121-DDE5-4C16-B90D-9FFACA63B2F9}.Release|x64.Build.0 = Release|Any CPU
		{F759C121-DDE5-4C16-B90D-9FFACA63B2F9}.Release|x64.Deploy.0 = Release|Any CPU
		{F759C121-DDE5-4C16-B90D-9FFACA63B2F9}.Release|x86.ActiveCfg = Release|Any CPU
		{F759C121-DDE5-4C16-B90D-9FFACA63B2F9}.Release|x86.Build.0 = Release|Any CPU
		{F759C121-DDE5-4C16-B90D-9FFACA63B2F9}.Release|x86.Deploy.0 = Release|Any CPU
	EndGlobalSection
	GlobalSection(SolutionProperties) = preSolution
		HideSolutionNode = FALSE
	EndGlobalSection
EndGlobal
