
Microsoft Visual Studio Solution File, Format Version 12.00
# Visual Studio 2012
Project("{FAE04EC0-301F-11D3-BF4B-00C04F79EFBC}") = "MorningBrew", "MorningBrew.csproj", "{3BDABD79-B082-47FA-BBF6-C5DD43E8F0CA}"
EndProject
Global
	GlobalSection(SolutionConfigurationPlatforms) = preSolution
		Debug|Any CPU = Debug|Any CPU
		Release|Any CPU = Release|Any CPU
	EndGlobalSection
	GlobalSection(ProjectConfigurationPlatforms) = postSolution
		{3BDABD79-B082-47FA-BBF6-C5DD43E8F0CA}.Debug|Any CPU.ActiveCfg = Debug|Any CPU
		{3BDABD79-B082-47FA-BBF6-C5DD43E8F0CA}.Debug|Any CPU.Build.0 = Debug|Any CPU
		{3BDABD79-B082-47FA-BBF6-C5DD43E8F0CA}.Release|Any CPU.ActiveCfg = Release|Any CPU
		{3BDABD79-B082-47FA-BBF6-C5DD43E8F0CA}.Release|Any CPU.Build.0 = Release|Any CPU
	EndGlobalSection
EndGlobal
